PODS:
  - DMCategories (2.6.1)
  - MagicalRecord (2.3.2):
    - MagicalRecord/Core (= 2.3.2)
  - MagicalRecord/Core (2.3.2)
  - StandardPaths (1.6.4)

DEPENDENCIES:
  - DMCategories (from `https://github.com/DimaAvvakumov/DMCategories.git`)
  - MagicalRecord
  - StandardPaths

EXTERNAL SOURCES:
  DMCategories:
    :git: https://github.com/DimaAvvakumov/DMCategories.git

CHECKOUT OPTIONS:
  DMCategories:
    :commit: 9c3aba6030c6242ee4272cae19f43e5b679053b4
    :git: https://github.com/DimaAvvakumov/DMCategories.git

SPEC CHECKSUMS:
  DMCategories: 308f68b0293e4e3b49da83f800b71ff34a5b6d1f
  MagicalRecord: 53bed74b4323b930992a725be713e53b37d19755
  StandardPaths: d5c7fadc9ea4327e460a19052d5a18cfbffa689d

PODFILE CHECKSUM: 236043a9a03225b2c4f8f3e6c8692e1e0241d925

COCOAPODS: 1.3.1
